
Microsoft Visual Studio Solution File, Format Version 12.00
# Visual Studio Version 16
VisualStudioVersion = 16.0.30413.136
MinimumVisualStudioVersion = 10.0.40219.1
Project("{9A19103F-16F7-4668-BE54-9A1E7A4F7556}") = "EchoServer", "..\simple-socket-programming-HappyHeirloom-master\EchoServer\EchoServer.csproj", "{AC42AD77-8DDE-410A-9FBD-A00A4BB7F40F}"
EndProject
Global
	GlobalSection(SolutionConfigurationPlatforms) = preSolution
		Debug|Any CPU = Debug|Any CPU
		Release|Any CPU = Release|Any CPU
	EndGlobalSection
	GlobalSection(ProjectConfigurationPlatforms) = postSolution
		{AC42AD77-8DDE-410A-9FBD-A00A4BB7F40F}.Debug|Any CPU.ActiveCfg = Debug|Any CPU
		{AC42AD77-8DDE-410A-9FBD-A00A4BB7F40F}.Debug|Any CPU.Build.0 = Debug|Any CPU
		{AC42AD77-8DDE-410A-9FBD-A00A4BB7F40F}.Release|Any CPU.ActiveCfg = Release|Any CPU
		{AC42AD77-8DDE-410A-9FBD-A00A4BB7F40F}.Release|Any CPU.Build.0 = Release|Any CPU
	EndGlobalSection
	GlobalSection(SolutionProperties) = preSolution
		HideSolutionNode = FALSE
	EndGlobalSection
	GlobalSection(ExtensibilityGlobals) = postSolution
		SolutionGuid = {E689386B-CF9D-48E0-AC4C-9B5236DA6F02}
	EndGlobalSection
EndGlobal
